
Microsoft Visual Studio Solution File, Format Version 12.00
# Visual Studio Version 17
VisualStudioVersion = 17.3.32901.215
MinimumVisualStudioVersion = 10.0.40219.1
Project("{FAE04EC0-301F-11D3-BF4B-00C04F79EFBC}") = "PhoneBook", "PhoneBook\PhoneBook.csproj", "{E475E372-EF88-4C81-A6F6-528CA2F90492}"
EndProject
Global
	GlobalSection(SolutionConfigurationPlatforms) = preSolution
		Debug|Any CPU = Debug|Any CPU
		Release|Any CPU = Release|Any CPU
	EndGlobalSection
	GlobalSection(ProjectConfigurationPlatforms) = postSolution
		{E475E372-EF88-4C81-A6F6-528CA2F90492}.Debug|Any CPU.ActiveCfg = Debug|Any CPU
		{E475E372-EF88-4C81-A6F6-528CA2F90492}.Debug|Any CPU.Build.0 = Debug|Any CPU
		{E475E372-EF88-4C81-A6F6-528CA2F90492}.Release|Any CPU.ActiveCfg = Release|Any CPU
		{E475E372-EF88-4C81-A6F6-528CA2F90492}.Release|Any CPU.Build.0 = Release|Any CPU
	EndGlobalSection
	GlobalSection(SolutionProperties) = preSolution
		HideSolutionNode = FALSE
	EndGlobalSection
	GlobalSection(ExtensibilityGlobals) = postSolution
		SolutionGuid = {855E7361-A706-4BF2-8265-2064BEDEE795}
	EndGlobalSection
EndGlobal
